// !$*UTF8*$!
{
	archiveVersion = 1;
	classes = {
	};
	objectVersion = 46;
	objects = {

/* Begin PBXBuildFile section */
		03EE30A3FFD7BF856C008B3DC8139F07 /* Mapper.swift in Sources */ = {isa = PBXBuildFile; fileRef = FB0E4295B6584D52405249434A611730 /* Mapper.swift */; settings = {COMPILER_FLAGS = "-fno-objc-arc"; }; };
		04A9EAF23667AB20F1856B4C127E2CCB /* DateFormatterTransform.swift in Sources */ = {isa = PBXBuildFile; fileRef = 8B05DBA920727DA97A2230EC1D55998F /* DateFormatterTransform.swift */; settings = {COMPILER_FLAGS = "-fno-objc-arc"; }; };
		07142FE4D96480A8D593D12FDD493EB3 /* Pods-TP7Tests-dummy.m in Sources */ = {isa = PBXBuildFile; fileRef = 9D0C1306A6A805806A1C0C30CA6C9C1F /* Pods-TP7Tests-dummy.m */; };
		1A05EFD561D3C7CB1FD223D95E63D217 /* Foundation.framework in Frameworks */ = {isa = PBXBuildFile; fileRef = CBB3DE36805AF21409EC968A9691732F /* Foundation.framework */; };
		23E9973F4DC00EEF5FFFC53B5C4F9CCE /* ISO8601DateTransform.swift in Sources */ = {isa = PBXBuildFile; fileRef = 049BA216F194C705BC41B6247C3D93F8 /* ISO8601DateTransform.swift */; settings = {COMPILER_FLAGS = "-fno-objc-arc"; }; };
		29C3C1FDEEA7C8F463E3BBD86964B8FC /* Foundation.framework in Frameworks */ = {isa = PBXBuildFile; fileRef = CBB3DE36805AF21409EC968A9691732F /* Foundation.framework */; };
		35BA53BE44A5FAEE1FB680E12A243846 /* HexColorTransform.swift in Sources */ = {isa = PBXBuildFile; fileRef = B9619F2DCB9545FF6416CC1520E8A289 /* HexColorTransform.swift */; settings = {COMPILER_FLAGS = "-fno-objc-arc"; }; };
		37D7FFC8B873CCBBC84E0912840FC2FD /* Foundation.framework in Frameworks */ = {isa = PBXBuildFile; fileRef = CBB3DE36805AF21409EC968A9691732F /* Foundation.framework */; };
		4561BBB67591DD44DD8AE910EA0E9D84 /* Pods-TP7-umbrella.h in Headers */ = {isa = PBXBuildFile; fileRef = 33419E12B2E3037B6FA2073EEBD61B85 /* Pods-TP7-umbrella.h */; settings = {ATTRIBUTES = (Public, ); }; };
		4A686B24A6E57B30E0813CC86B2BCEC4 /* NSDecimalNumberTransform.swift in Sources */ = {isa = PBXBuildFile; fileRef = 03735EF0E77C1DDACDF7C9A83303C091 /* NSDecimalNumberTransform.swift */; settings = {COMPILER_FLAGS = "-fno-objc-arc"; }; };
		554024125BDDD8CFE0FA9F47CF450D38 /* FromJSON.swift in Sources */ = {isa = PBXBuildFile; fileRef = D5BF0B134157103FEB6F696A98717239 /* FromJSON.swift */; settings = {COMPILER_FLAGS = "-fno-objc-arc"; }; };
		64C08047F018142FFAA2D6A8EAD6CEF0 /* EnumOperators.swift in Sources */ = {isa = PBXBuildFile; fileRef = 51737AB9AC204BFA21929556B7D8A784 /* EnumOperators.swift */; settings = {COMPILER_FLAGS = "-fno-objc-arc"; }; };
		6D4763209A3F094E8162FD1A86751B8D /* MapError.swift in Sources */ = {isa = PBXBuildFile; fileRef = 9ED836E99AE21969C18AFBBA73D80A94 /* MapError.swift */; settings = {COMPILER_FLAGS = "-fno-objc-arc"; }; };
		6E2D7E5C40A23C500010784542ECEFF9 /* Foundation.framework in Frameworks */ = {isa = PBXBuildFile; fileRef = CBB3DE36805AF21409EC968A9691732F /* Foundation.framework */; };
		71023AD78796BF7E07F827FE4BC24E46 /* Pods-TP7-dummy.m in Sources */ = {isa = PBXBuildFile; fileRef = 4BE11D10273F9E8C5086275D558E1B9E /* Pods-TP7-dummy.m */; };
		714BD67B41EEBEAC20CB958A882DE0AD /* Mappable.swift in Sources */ = {isa = PBXBuildFile; fileRef = 29707823C343DB3178B8BD2738202502 /* Mappable.swift */; settings = {COMPILER_FLAGS = "-fno-objc-arc"; }; };
		744B76C7D66D21D45E99CC75777E4688 /* Pods-TP7UITests-dummy.m in Sources */ = {isa = PBXBuildFile; fileRef = 07EABEC467D972BD2DE8332B80679669 /* Pods-TP7UITests-dummy.m */; };
		80DD3BF9141268B7FD837C9EAFD1207B /* DictionaryTransform.swift in Sources */ = {isa = PBXBuildFile; fileRef = F1AB1F917FD0794BF93B05D9A01C52FB /* DictionaryTransform.swift */; settings = {COMPILER_FLAGS = "-fno-objc-arc"; }; };
		82CC59765FCF6BB742B83109450663A7 /* TransformOf.swift in Sources */ = {isa = PBXBuildFile; fileRef = 1B464D60284C4B2CA3692CEE336D072A /* TransformOf.swift */; settings = {COMPILER_FLAGS = "-fno-objc-arc"; }; };
		9EA52AEB7278984474CC743711FCB699 /* TransformOperators.swift in Sources */ = {isa = PBXBuildFile; fileRef = A99342F019C81C5AE15B9FD7009B4E52 /* TransformOperators.swift */; settings = {COMPILER_FLAGS = "-fno-objc-arc"; }; };
		A128DBCF691E0F4D2AC3EEA36F7BD562 /* ObjectMapper-umbrella.h in Headers */ = {isa = PBXBuildFile; fileRef = 516E764F46138FFBA9179E7EE76DB943 /* ObjectMapper-umbrella.h */; settings = {ATTRIBUTES = (Public, ); }; };
		A1B1494B96861D28886774A62ADF12B4 /* DateTransform.swift in Sources */ = {isa = PBXBuildFile; fileRef = 798746DC36878BAB77E1AEB5ACD85688 /* DateTransform.swift */; settings = {COMPILER_FLAGS = "-fno-objc-arc"; }; };
		A4C95C686C63C3BE2768F6ED69C9BB9B /* EnumTransform.swift in Sources */ = {isa = PBXBuildFile; fileRef = DA8903DF0A4E2F85EE8118C3A85A8449 /* EnumTransform.swift */; settings = {COMPILER_FLAGS = "-fno-objc-arc"; }; };
		AD31AD8DB949DCA3E7FD8305331A74FA /* IntegerOperators.swift in Sources */ = {isa = PBXBuildFile; fileRef = 4FA3A66A9DB9005FD97A879F6E83548C /* IntegerOperators.swift */; settings = {COMPILER_FLAGS = "-fno-objc-arc"; }; };
		CCD0C02467872E771B100ECE7D4778E7 /* Pods-TP7Tests-umbrella.h in Headers */ = {isa = PBXBuildFile; fileRef = 6D9BA76CDC070954F579F53FE401546F /* Pods-TP7Tests-umbrella.h */; settings = {ATTRIBUTES = (Public, ); }; };
		DA8070AA9696822F0242CC298668AFF7 /* ObjectMapper-dummy.m in Sources */ = {isa = PBXBuildFile; fileRef = 3257FCB53D1328D3334C0D3C5065FBBF /* ObjectMapper-dummy.m */; };
		DB16BA7FF7677EB77FF201C169EBA7F5 /* DataTransform.swift in Sources */ = {isa = PBXBuildFile; fileRef = D008BDF2149DE2E101DD576A6D9FCDFB /* DataTransform.swift */; settings = {COMPILER_FLAGS = "-fno-objc-arc"; }; };
		DD24CA00C4CA98203B6B61771D605BF7 /* ImmutableMappable.swift in Sources */ = {isa = PBXBuildFile; fileRef = 767F089886989F6B9C79D75736C0BB57 /* ImmutableMappable.swift */; settings = {COMPILER_FLAGS = "-fno-objc-arc"; }; };
		DF10B74DAD2CFA3392369651FA4E1388 /* Operators.swift in Sources */ = {isa = PBXBuildFile; fileRef = F67846576657F67A40688F35D8BBF4F5 /* Operators.swift */; settings = {COMPILER_FLAGS = "-fno-objc-arc"; }; };
		E0CBFD38A5408B925188989A41F3CB94 /* TransformType.swift in Sources */ = {isa = PBXBuildFile; fileRef = CA25BC5EA0ED4E982FF381F264738E55 /* TransformType.swift */; settings = {COMPILER_FLAGS = "-fno-objc-arc"; }; };
		E10EC899AFAB932C484A9C7223950F48 /* Pods-TP7UITests-umbrella.h in Headers */ = {isa = PBXBuildFile; fileRef = 74AF56E5991103DA2A5899831D43C6A1 /* Pods-TP7UITests-umbrella.h */; settings = {ATTRIBUTES = (Public, ); }; };
		F0BE6FD4C256E93CBCB31150A1A489EB /* CustomDateFormatTransform.swift in Sources */ = {isa = PBXBuildFile; fileRef = E83936D4B9772BB61E1C33AA865075BA /* CustomDateFormatTransform.swift */; settings = {COMPILER_FLAGS = "-fno-objc-arc"; }; };
		F9EB49D9D6AC0EA662DEE43EAF966B5A /* Map.swift in Sources */ = {isa = PBXBuildFile; fileRef = 6120B0816E36E534E503459F567D5F2E /* Map.swift */; settings = {COMPILER_FLAGS = "-fno-objc-arc"; }; };
		FB4370B9B77CA2893660A52660C6FF56 /* ToJSON.swift in Sources */ = {isa = PBXBuildFile; fileRef = F825ABC70E24EFAF9D9357AE3EF270C5 /* ToJSON.swift */; settings = {COMPILER_FLAGS = "-fno-objc-arc"; }; };
		FF1E5EF4FFD54A47703415D417399CD7 /* URLTransform.swift in Sources */ = {isa = PBXBuildFile; fileRef = 1FE2520AB1362BD0248CA322C2139490 /* URLTransform.swift */; settings = {COMPILER_FLAGS = "-fno-objc-arc"; }; };
/* End PBXBuildFile section */

/* Begin PBXContainerItemProxy section */
		7FB4F71266B267F96B94D2EC80A93BDE /* PBXContainerItemProxy */ = {
			isa = PBXContainerItemProxy;
			containerPortal = D41D8CD98F00B204E9800998ECF8427E /* Project object */;
			proxyType = 1;
			remoteGlobalIDString = CD6C9FB6B052E1CF663F8A56041EA163;
			remoteInfo = ObjectMapper;
		};
/* End PBXContainerItemProxy section */

/* Begin PBXFileReference section */
		004B32337FD429D9D52E23FF4083351C /* Pods-TP7Tests.modulemap */ = {isa = PBXFileReference; includeInIndex = 1; path = "Pods-TP7Tests.modulemap"; sourceTree = "<group>"; };
		03735EF0E77C1DDACDF7C9A83303C091 /* NSDecimalNumberTransform.swift */ = {isa = PBXFileReference; includeInIndex = 1; lastKnownFileType = sourcecode.swift; name = NSDecimalNumberTransform.swift; path = Sources/NSDecimalNumberTransform.swift; sourceTree = "<group>"; };
		049BA216F194C705BC41B6247C3D93F8 /* ISO8601DateTransform.swift */ = {isa = PBXFileReference; includeInIndex = 1; lastKnownFileType = sourcecode.swift; name = ISO8601DateTransform.swift; path = Sources/ISO8601DateTransform.swift; sourceTree = "<group>"; };
		07EABEC467D972BD2DE8332B80679669 /* Pods-TP7UITests-dummy.m */ = {isa = PBXFileReference; includeInIndex = 1; lastKnownFileType = sourcecode.c.objc; path = "Pods-TP7UITests-dummy.m"; sourceTree = "<group>"; };
		082B6C4BFB1426F7D5B14CA882CF7F12 /* ObjectMapper.framework */ = {isa = PBXFileReference; explicitFileType = wrapper.framework; includeInIndex = 0; name = ObjectMapper.framework; path = ObjectMapper.framework; sourceTree = BUILT_PRODUCTS_DIR; };
		0A154416713C3455D93004912682A00F /* ObjectMapper.modulemap */ = {isa = PBXFileReference; includeInIndex = 1; path = ObjectMapper.modulemap; sourceTree = "<group>"; };
		1B464D60284C4B2CA3692CEE336D072A /* TransformOf.swift */ = {isa = PBXFileReference; includeInIndex = 1; lastKnownFileType = sourcecode.swift; name = TransformOf.swift; path = Sources/TransformOf.swift; sourceTree = "<group>"; };
		1FE2520AB1362BD0248CA322C2139490 /* URLTransform.swift */ = {isa = PBXFileReference; includeInIndex = 1; lastKnownFileType = sourcecode.swift; name = URLTransform.swift; path = Sources/URLTransform.swift; sourceTree = "<group>"; };
		29707823C343DB3178B8BD2738202502 /* Mappable.swift */ = {isa = PBXFileReference; includeInIndex = 1; lastKnownFileType = sourcecode.swift; name = Mappable.swift; path = Sources/Mappable.swift; sourceTree = "<group>"; };
		3257FCB53D1328D3334C0D3C5065FBBF /* ObjectMapper-dummy.m */ = {isa = PBXFileReference; includeInIndex = 1; lastKnownFileType = sourcecode.c.objc; path = "ObjectMapper-dummy.m"; sourceTree = "<group>"; };
		33419E12B2E3037B6FA2073EEBD61B85 /* Pods-TP7-umbrella.h */ = {isa = PBXFileReference; includeInIndex = 1; lastKnownFileType = sourcecode.c.h; path = "Pods-TP7-umbrella.h"; sourceTree = "<group>"; };
		44B524554583532D5C39C7F003B9D880 /* Pods-TP7Tests-frameworks.sh */ = {isa = PBXFileReference; includeInIndex = 1; lastKnownFileType = text.script.sh; path = "Pods-TP7Tests-frameworks.sh"; sourceTree = "<group>"; };
		493FF9D53785CDA76ECB6D7128D3CD11 /* Pods-TP7-resources.sh */ = {isa = PBXFileReference; includeInIndex = 1; lastKnownFileType = text.script.sh; path = "Pods-TP7-resources.sh"; sourceTree = "<group>"; };
		4BE11D10273F9E8C5086275D558E1B9E /* Pods-TP7-dummy.m */ = {isa = PBXFileReference; includeInIndex = 1; lastKnownFileType = sourcecode.c.objc; path = "Pods-TP7-dummy.m"; sourceTree = "<group>"; };
		4CD85CE08397CB0C330BB21279F7F493 /* Pods-TP7UITests.debug.xcconfig */ = {isa = PBXFileReference; includeInIndex = 1; lastKnownFileType = text.xcconfig; path = "Pods-TP7UITests.debug.xcconfig"; sourceTree = "<group>"; };
		4CFEB1CE1820B66F9C26C3E5038D2EF4 /* Pods-TP7-acknowledgements.plist */ = {isa = PBXFileReference; includeInIndex = 1; lastKnownFileType = text.plist.xml; path = "Pods-TP7-acknowledgements.plist"; sourceTree = "<group>"; };
		4FA3A66A9DB9005FD97A879F6E83548C /* IntegerOperators.swift */ = {isa = PBXFileReference; includeInIndex = 1; lastKnownFileType = sourcecode.swift; name = IntegerOperators.swift; path = Sources/IntegerOperators.swift; sourceTree = "<group>"; };
		516E764F46138FFBA9179E7EE76DB943 /* ObjectMapper-umbrella.h */ = {isa = PBXFileReference; includeInIndex = 1; lastKnownFileType = sourcecode.c.h; path = "ObjectMapper-umbrella.h"; sourceTree = "<group>"; };
		51737AB9AC204BFA21929556B7D8A784 /* EnumOperators.swift */ = {isa = PBXFileReference; includeInIndex = 1; lastKnownFileType = sourcecode.swift; name = EnumOperators.swift; path = Sources/EnumOperators.swift; sourceTree = "<group>"; };
		59AD93690BB211E93D6D314B2628FFBF /* Pods-TP7UITests.modulemap */ = {isa = PBXFileReference; includeInIndex = 1; path = "Pods-TP7UITests.modulemap"; sourceTree = "<group>"; };
		5C85195EC70EC4B5206D07DF1123AB94 /* Pods-TP7-acknowledgements.markdown */ = {isa = PBXFileReference; includeInIndex = 1; lastKnownFileType = text; path = "Pods-TP7-acknowledgements.markdown"; sourceTree = "<group>"; };
		6120B0816E36E534E503459F567D5F2E /* Map.swift */ = {isa = PBXFileReference; includeInIndex = 1; lastKnownFileType = sourcecode.swift; name = Map.swift; path = Sources/Map.swift; sourceTree = "<group>"; };
		665AAE0E164E2842690E4A1CB8456BDC /* Pods-TP7Tests-acknowledgements.plist */ = {isa = PBXFileReference; includeInIndex = 1; lastKnownFileType = text.plist.xml; path = "Pods-TP7Tests-acknowledgements.plist"; sourceTree = "<group>"; };
		6D9BA76CDC070954F579F53FE401546F /* Pods-TP7Tests-umbrella.h */ = {isa = PBXFileReference; includeInIndex = 1; lastKnownFileType = sourcecode.c.h; path = "Pods-TP7Tests-umbrella.h"; sourceTree = "<group>"; };
		70E61827239DE91F54C760144D478923 /* Pods_TP7Tests.framework */ = {isa = PBXFileReference; explicitFileType = wrapper.framework; includeInIndex = 0; name = Pods_TP7Tests.framework; path = "Pods-TP7Tests.framework"; sourceTree = BUILT_PRODUCTS_DIR; };
		7293376908DF07F84864AFD1508C0E8E /* Info.plist */ = {isa = PBXFileReference; includeInIndex = 1; lastKnownFileType = text.plist.xml; path = Info.plist; sourceTree = "<group>"; };
		74AF56E5991103DA2A5899831D43C6A1 /* Pods-TP7UITests-umbrella.h */ = {isa = PBXFileReference; includeInIndex = 1; lastKnownFileType = sourcecode.c.h; path = "Pods-TP7UITests-umbrella.h"; sourceTree = "<group>"; };
		767F089886989F6B9C79D75736C0BB57 /* ImmutableMappable.swift */ = {isa = PBXFileReference; includeInIndex = 1; lastKnownFileType = sourcecode.swift; name = ImmutableMappable.swift; path = Sources/ImmutableMappable.swift; sourceTree = "<group>"; };
		798746DC36878BAB77E1AEB5ACD85688 /* DateTransform.swift */ = {isa = PBXFileReference; includeInIndex = 1; lastKnownFileType = sourcecode.swift; name = DateTransform.swift; path = Sources/DateTransform.swift; sourceTree = "<group>"; };
		831DE6C82323B3CD82551719A4093584 /* Pods-TP7UITests-resources.sh */ = {isa = PBXFileReference; includeInIndex = 1; lastKnownFileType = text.script.sh; path = "Pods-TP7UITests-resources.sh"; sourceTree = "<group>"; };
		89DACB7E44F7F24DCA3DDDA7D7C25049 /* Info.plist */ = {isa = PBXFileReference; includeInIndex = 1; lastKnownFileType = text.plist.xml; path = Info.plist; sourceTree = "<group>"; };
		8B05DBA920727DA97A2230EC1D55998F /* DateFormatterTransform.swift */ = {isa = PBXFileReference; includeInIndex = 1; lastKnownFileType = sourcecode.swift; name = DateFormatterTransform.swift; path = Sources/DateFormatterTransform.swift; sourceTree = "<group>"; };
		93A4A3777CF96A4AAC1D13BA6DCCEA73 /* Podfile */ = {isa = PBXFileReference; explicitFileType = text.script.ruby; includeInIndex = 1; lastKnownFileType = text; name = Podfile; path = ../Podfile; sourceTree = SOURCE_ROOT; xcLanguageSpecificationIdentifier = xcode.lang.ruby; };
		988781345AF3301BACDC01A026591A0B /* Pods_TP7.framework */ = {isa = PBXFileReference; explicitFileType = wrapper.framework; includeInIndex = 0; name = Pods_TP7.framework; path = "Pods-TP7.framework"; sourceTree = BUILT_PRODUCTS_DIR; };
		9D0C1306A6A805806A1C0C30CA6C9C1F /* Pods-TP7Tests-dummy.m */ = {isa = PBXFileReference; includeInIndex = 1; lastKnownFileType = sourcecode.c.objc; path = "Pods-TP7Tests-dummy.m"; sourceTree = "<group>"; };
		9ED836E99AE21969C18AFBBA73D80A94 /* MapError.swift */ = {isa = PBXFileReference; includeInIndex = 1; lastKnownFileType = sourcecode.swift; name = MapError.swift; path = Sources/MapError.swift; sourceTree = "<group>"; };
		A99342F019C81C5AE15B9FD7009B4E52 /* TransformOperators.swift */ = {isa = PBXFileReference; includeInIndex = 1; lastKnownFileType = sourcecode.swift; name = TransformOperators.swift; path = Sources/TransformOperators.swift; sourceTree = "<group>"; };
		A9AC6B3465FDB1D33476D532156A5A35 /* Pods-TP7Tests.release.xcconfig */ = {isa = PBXFileReference; includeInIndex = 1; lastKnownFileType = text.xcconfig; path = "Pods-TP7Tests.release.xcconfig"; sourceTree = "<group>"; };
		B2DAA986D8389D845888F086D08D2DE0 /* Pods-TP7UITests.release.xcconfig */ = {isa = PBXFileReference; includeInIndex = 1; lastKnownFileType = text.xcconfig; path = "Pods-TP7UITests.release.xcconfig"; sourceTree = "<group>"; };
		B75476DA763155D31CF589C70C971E25 /* Pods-TP7UITests-acknowledgements.markdown */ = {isa = PBXFileReference; includeInIndex = 1; lastKnownFileType = text; path = "Pods-TP7UITests-acknowledgements.markdown"; sourceTree = "<group>"; };
		B9619F2DCB9545FF6416CC1520E8A289 /* HexColorTransform.swift */ = {isa = PBXFileReference; includeInIndex = 1; lastKnownFileType = sourcecode.swift; name = HexColorTransform.swift; path = Sources/HexColorTransform.swift; sourceTree = "<group>"; };
		BF1266B3B4CD82D5A49B6946BF2E5AE8 /* ObjectMapper.xcconfig */ = {isa = PBXFileReference; includeInIndex = 1; lastKnownFileType = text.xcconfig; path = ObjectMapper.xcconfig; sourceTree = "<group>"; };
		C2BBE48DD4A3A4D39C0882DD269E05AD /* Pods-TP7Tests-resources.sh */ = {isa = PBXFileReference; includeInIndex = 1; lastKnownFileType = text.script.sh; path = "Pods-TP7Tests-resources.sh"; sourceTree = "<group>"; };
		C38EF677FCBD599C3168FF1E7EC074B7 /* Pods_TP7UITests.framework */ = {isa = PBXFileReference; explicitFileType = wrapper.framework; includeInIndex = 0; name = Pods_TP7UITests.framework; path = "Pods-TP7UITests.framework"; sourceTree = BUILT_PRODUCTS_DIR; };
		C43F52FA658A88DCEB2B063351BC3F4F /* ObjectMapper-prefix.pch */ = {isa = PBXFileReference; includeInIndex = 1; lastKnownFileType = sourcecode.c.h; path = "ObjectMapper-prefix.pch"; sourceTree = "<group>"; };
		CA25BC5EA0ED4E982FF381F264738E55 /* TransformType.swift */ = {isa = PBXFileReference; includeInIndex = 1; lastKnownFileType = sourcecode.swift; name = TransformType.swift; path = Sources/TransformType.swift; sourceTree = "<group>"; };
		CA954E269627541CF3B4CD57A1D7E2D1 /* Pods-TP7Tests.debug.xcconfig */ = {isa = PBXFileReference; includeInIndex = 1; lastKnownFileType = text.xcconfig; path = "Pods-TP7Tests.debug.xcconfig"; sourceTree = "<group>"; };
		CBB3DE36805AF21409EC968A9691732F /* Foundation.framework */ = {isa = PBXFileReference; lastKnownFileType = wrapper.framework; name = Foundation.framework; path = Platforms/iPhoneOS.platform/Developer/SDKs/iPhoneOS10.0.sdk/System/Library/Frameworks/Foundation.framework; sourceTree = DEVELOPER_DIR; };
		D008BDF2149DE2E101DD576A6D9FCDFB /* DataTransform.swift */ = {isa = PBXFileReference; includeInIndex = 1; lastKnownFileType = sourcecode.swift; name = DataTransform.swift; path = Sources/DataTransform.swift; sourceTree = "<group>"; };
		D2A1014DAC42F41DAE1155099A6E1DCF /* Pods-TP7.modulemap */ = {isa = PBXFileReference; includeInIndex = 1; path = "Pods-TP7.modulemap"; sourceTree = "<group>"; };
		D5BF0B134157103FEB6F696A98717239 /* FromJSON.swift */ = {isa = PBXFileReference; includeInIndex = 1; lastKnownFileType = sourcecode.swift; name = FromJSON.swift; path = Sources/FromJSON.swift; sourceTree = "<group>"; };
		D9FC15EBAB2293443E9655BDA1CDB83E /* Pods-TP7UITests-acknowledgements.plist */ = {isa = PBXFileReference; includeInIndex = 1; lastKnownFileType = text.plist.xml; path = "Pods-TP7UITests-acknowledgements.plist"; sourceTree = "<group>"; };
		DA8903DF0A4E2F85EE8118C3A85A8449 /* EnumTransform.swift */ = {isa = PBXFileReference; includeInIndex = 1; lastKnownFileType = sourcecode.swift; name = EnumTransform.swift; path = Sources/EnumTransform.swift; sourceTree = "<group>"; };
		DCB90270B889ED5E43D02B0190680EBC /* Pods-TP7.debug.xcconfig */ = {isa = PBXFileReference; includeInIndex = 1; lastKnownFileType = text.xcconfig; path = "Pods-TP7.debug.xcconfig"; sourceTree = "<group>"; };
		DE30BB9375446FC3C323D7CADF717A1F /* Pods-TP7.release.xcconfig */ = {isa = PBXFileReference; includeInIndex = 1; lastKnownFileType = text.xcconfig; path = "Pods-TP7.release.xcconfig"; sourceTree = "<group>"; };
		E7FA5C789D7CA2DC43260BEFA2305FFD /* Pods-TP7UITests-frameworks.sh */ = {isa = PBXFileReference; includeInIndex = 1; lastKnownFileType = text.script.sh; path = "Pods-TP7UITests-frameworks.sh"; sourceTree = "<group>"; };
		E83936D4B9772BB61E1C33AA865075BA /* CustomDateFormatTransform.swift */ = {isa = PBXFileReference; includeInIndex = 1; lastKnownFileType = sourcecode.swift; name = CustomDateFormatTransform.swift; path = Sources/CustomDateFormatTransform.swift; sourceTree = "<group>"; };
		E90B55213DE188BAC854432A115C374A /* Info.plist */ = {isa = PBXFileReference; includeInIndex = 1; lastKnownFileType = text.plist.xml; path = Info.plist; sourceTree = "<group>"; };
		E951A393D50D64DAC7E4F964D98ABCAA /* Pods-TP7-frameworks.sh */ = {isa = PBXFileReference; includeInIndex = 1; lastKnownFileType = text.script.sh; path = "Pods-TP7-frameworks.sh"; sourceTree = "<group>"; };
		F1AB1F917FD0794BF93B05D9A01C52FB /* DictionaryTransform.swift */ = {isa = PBXFileReference; includeInIndex = 1; lastKnownFileType = sourcecode.swift; name = DictionaryTransform.swift; path = Sources/DictionaryTransform.swift; sourceTree = "<group>"; };
		F67846576657F67A40688F35D8BBF4F5 /* Operators.swift */ = {isa = PBXFileReference; includeInIndex = 1; lastKnownFileType = sourcecode.swift; name = Operators.swift; path = Sources/Operators.swift; sourceTree = "<group>"; };
		F825ABC70E24EFAF9D9357AE3EF270C5 /* ToJSON.swift */ = {isa = PBXFileReference; includeInIndex = 1; lastKnownFileType = sourcecode.swift; name = ToJSON.swift; path = Sources/ToJSON.swift; sourceTree = "<group>"; };
		F998C11B3677180873CA143FB56717ED /* Pods-TP7Tests-acknowledgements.markdown */ = {isa = PBXFileReference; includeInIndex = 1; lastKnownFileType = text; path = "Pods-TP7Tests-acknowledgements.markdown"; sourceTree = "<group>"; };
		FADE9665FFF1E87CF0C65D3707C9BDFC /* Info.plist */ = {isa = PBXFileReference; includeInIndex = 1; lastKnownFileType = text.plist.xml; path = Info.plist; sourceTree = "<group>"; };
		FB0E4295B6584D52405249434A611730 /* Mapper.swift */ = {isa = PBXFileReference; includeInIndex = 1; lastKnownFileType = sourcecode.swift; name = Mapper.swift; path = Sources/Mapper.swift; sourceTree = "<group>"; };
/* End PBXFileReference section */

/* Begin PBXFrameworksBuildPhase section */
		3AB4DC451D989CE2DAACDA73DABABFC2 /* Frameworks */ = {
			isa = PBXFrameworksBuildPhase;
			buildActionMask = 2147483647;
			files = (
				6E2D7E5C40A23C500010784542ECEFF9 /* Foundation.framework in Frameworks */,
			);
			runOnlyForDeploymentPostprocessing = 0;
		};
		569957DBC5D835B4C30EC917D85A7EB4 /* Frameworks */ = {
			isa = PBXFrameworksBuildPhase;
			buildActionMask = 2147483647;
			files = (
				1A05EFD561D3C7CB1FD223D95E63D217 /* Foundation.framework in Frameworks */,
			);
			runOnlyForDeploymentPostprocessing = 0;
		};
		C4F4068871A73EB6FBE8042AF2063595 /* Frameworks */ = {
			isa = PBXFrameworksBuildPhase;
			buildActionMask = 2147483647;
			files = (
				37D7FFC8B873CCBBC84E0912840FC2FD /* Foundation.framework in Frameworks */,
			);
			runOnlyForDeploymentPostprocessing = 0;
		};
		FD16F755B7F3B182F7E180CC87187F9B /* Frameworks */ = {
			isa = PBXFrameworksBuildPhase;
			buildActionMask = 2147483647;
			files = (
				29C3C1FDEEA7C8F463E3BBD86964B8FC /* Foundation.framework in Frameworks */,
			);
			runOnlyForDeploymentPostprocessing = 0;
		};
/* End PBXFrameworksBuildPhase section */

/* Begin PBXGroup section */
		2691ADA3161E681D6881913239316AC5 /* Pods-TP7 */ = {
			isa = PBXGroup;
			children = (
				89DACB7E44F7F24DCA3DDDA7D7C25049 /* Info.plist */,
				D2A1014DAC42F41DAE1155099A6E1DCF /* Pods-TP7.modulemap */,
				5C85195EC70EC4B5206D07DF1123AB94 /* Pods-TP7-acknowledgements.markdown */,
				4CFEB1CE1820B66F9C26C3E5038D2EF4 /* Pods-TP7-acknowledgements.plist */,
				4BE11D10273F9E8C5086275D558E1B9E /* Pods-TP7-dummy.m */,
				E951A393D50D64DAC7E4F964D98ABCAA /* Pods-TP7-frameworks.sh */,
				493FF9D53785CDA76ECB6D7128D3CD11 /* Pods-TP7-resources.sh */,
				33419E12B2E3037B6FA2073EEBD61B85 /* Pods-TP7-umbrella.h */,
				DCB90270B889ED5E43D02B0190680EBC /* Pods-TP7.debug.xcconfig */,
				DE30BB9375446FC3C323D7CADF717A1F /* Pods-TP7.release.xcconfig */,
			);
			name = "Pods-TP7";
			path = "Target Support Files/Pods-TP7";
			sourceTree = "<group>";
		};
		2D2D4DCD21424F94C573104AA1A3894E /* Targets Support Files */ = {
			isa = PBXGroup;
			children = (
				2691ADA3161E681D6881913239316AC5 /* Pods-TP7 */,
				8209C1DDC12753B28501847A437860FD /* Pods-TP7Tests */,
				C4E957B3FB376173157577A2C79E0C9D /* Pods-TP7UITests */,
			);
			name = "Targets Support Files";
			sourceTree = "<group>";
		};
		44B8248DC68B6AABFCF1F66C140130D0 /* Support Files */ = {
			isa = PBXGroup;
			children = (
				7293376908DF07F84864AFD1508C0E8E /* Info.plist */,
				0A154416713C3455D93004912682A00F /* ObjectMapper.modulemap */,
				BF1266B3B4CD82D5A49B6946BF2E5AE8 /* ObjectMapper.xcconfig */,
				3257FCB53D1328D3334C0D3C5065FBBF /* ObjectMapper-dummy.m */,
				C43F52FA658A88DCEB2B063351BC3F4F /* ObjectMapper-prefix.pch */,
				516E764F46138FFBA9179E7EE76DB943 /* ObjectMapper-umbrella.h */,
			);
			name = "Support Files";
			path = "../Target Support Files/ObjectMapper";
			sourceTree = "<group>";
		};
		7531C8F8DE19F1AA3C8A7AC97A91DC29 /* iOS */ = {
			isa = PBXGroup;
			children = (
				CBB3DE36805AF21409EC968A9691732F /* Foundation.framework */,
			);
			name = iOS;
			sourceTree = "<group>";
		};
		7DB346D0F39D3F0E887471402A8071AB = {
			isa = PBXGroup;
			children = (
				93A4A3777CF96A4AAC1D13BA6DCCEA73 /* Podfile */,
				BC3CA7F9E30CC8F7E2DD044DD34432FC /* Frameworks */,
				CC5B8196EA553435A0AFBC67D217E66A /* Pods */,
				D5A18DA12751B77CD370453E7C2E09DD /* Products */,
				2D2D4DCD21424F94C573104AA1A3894E /* Targets Support Files */,
			);
			sourceTree = "<group>";
		};
		8209C1DDC12753B28501847A437860FD /* Pods-TP7Tests */ = {
			isa = PBXGroup;
			children = (
				FADE9665FFF1E87CF0C65D3707C9BDFC /* Info.plist */,
				004B32337FD429D9D52E23FF4083351C /* Pods-TP7Tests.modulemap */,
				F998C11B3677180873CA143FB56717ED /* Pods-TP7Tests-acknowledgements.markdown */,
				665AAE0E164E2842690E4A1CB8456BDC /* Pods-TP7Tests-acknowledgements.plist */,
				9D0C1306A6A805806A1C0C30CA6C9C1F /* Pods-TP7Tests-dummy.m */,
				44B524554583532D5C39C7F003B9D880 /* Pods-TP7Tests-frameworks.sh */,
				C2BBE48DD4A3A4D39C0882DD269E05AD /* Pods-TP7Tests-resources.sh */,
				6D9BA76CDC070954F579F53FE401546F /* Pods-TP7Tests-umbrella.h */,
				CA954E269627541CF3B4CD57A1D7E2D1 /* Pods-TP7Tests.debug.xcconfig */,
				A9AC6B3465FDB1D33476D532156A5A35 /* Pods-TP7Tests.release.xcconfig */,
			);
			name = "Pods-TP7Tests";
			path = "Target Support Files/Pods-TP7Tests";
			sourceTree = "<group>";
		};
		BC3CA7F9E30CC8F7E2DD044DD34432FC /* Frameworks */ = {
			isa = PBXGroup;
			children = (
				7531C8F8DE19F1AA3C8A7AC97A91DC29 /* iOS */,
			);
			name = Frameworks;
			sourceTree = "<group>";
		};
		C4E957B3FB376173157577A2C79E0C9D /* Pods-TP7UITests */ = {
			isa = PBXGroup;
			children = (
				E90B55213DE188BAC854432A115C374A /* Info.plist */,
				59AD93690BB211E93D6D314B2628FFBF /* Pods-TP7UITests.modulemap */,
				B75476DA763155D31CF589C70C971E25 /* Pods-TP7UITests-acknowledgements.markdown */,
				D9FC15EBAB2293443E9655BDA1CDB83E /* Pods-TP7UITests-acknowledgements.plist */,
				07EABEC467D972BD2DE8332B80679669 /* Pods-TP7UITests-dummy.m */,
				E7FA5C789D7CA2DC43260BEFA2305FFD /* Pods-TP7UITests-frameworks.sh */,
				831DE6C82323B3CD82551719A4093584 /* Pods-TP7UITests-resources.sh */,
				74AF56E5991103DA2A5899831D43C6A1 /* Pods-TP7UITests-umbrella.h */,
				4CD85CE08397CB0C330BB21279F7F493 /* Pods-TP7UITests.debug.xcconfig */,
				B2DAA986D8389D845888F086D08D2DE0 /* Pods-TP7UITests.release.xcconfig */,
			);
			name = "Pods-TP7UITests";
			path = "Target Support Files/Pods-TP7UITests";
			sourceTree = "<group>";
		};
		CC5B8196EA553435A0AFBC67D217E66A /* Pods */ = {
			isa = PBXGroup;
			children = (
				FC4A35C54D3E8B5ACCFDC068C994443D /* ObjectMapper */,
			);
			name = Pods;
			sourceTree = "<group>";
		};
		D5A18DA12751B77CD370453E7C2E09DD /* Products */ = {
			isa = PBXGroup;
			children = (
				082B6C4BFB1426F7D5B14CA882CF7F12 /* ObjectMapper.framework */,
				988781345AF3301BACDC01A026591A0B /* Pods_TP7.framework */,
				70E61827239DE91F54C760144D478923 /* Pods_TP7Tests.framework */,
				C38EF677FCBD599C3168FF1E7EC074B7 /* Pods_TP7UITests.framework */,
			);
			name = Products;
			sourceTree = "<group>";
		};
		FC4A35C54D3E8B5ACCFDC068C994443D /* ObjectMapper */ = {
			isa = PBXGroup;
			children = (
				E83936D4B9772BB61E1C33AA865075BA /* CustomDateFormatTransform.swift */,
				D008BDF2149DE2E101DD576A6D9FCDFB /* DataTransform.swift */,
				8B05DBA920727DA97A2230EC1D55998F /* DateFormatterTransform.swift */,
				798746DC36878BAB77E1AEB5ACD85688 /* DateTransform.swift */,
				F1AB1F917FD0794BF93B05D9A01C52FB /* DictionaryTransform.swift */,
				51737AB9AC204BFA21929556B7D8A784 /* EnumOperators.swift */,
				DA8903DF0A4E2F85EE8118C3A85A8449 /* EnumTransform.swift */,
				D5BF0B134157103FEB6F696A98717239 /* FromJSON.swift */,
				B9619F2DCB9545FF6416CC1520E8A289 /* HexColorTransform.swift */,
				767F089886989F6B9C79D75736C0BB57 /* ImmutableMappable.swift */,
				4FA3A66A9DB9005FD97A879F6E83548C /* IntegerOperators.swift */,
				049BA216F194C705BC41B6247C3D93F8 /* ISO8601DateTransform.swift */,
				6120B0816E36E534E503459F567D5F2E /* Map.swift */,
				9ED836E99AE21969C18AFBBA73D80A94 /* MapError.swift */,
				29707823C343DB3178B8BD2738202502 /* Mappable.swift */,
				FB0E4295B6584D52405249434A611730 /* Mapper.swift */,
				03735EF0E77C1DDACDF7C9A83303C091 /* NSDecimalNumberTransform.swift */,
				F67846576657F67A40688F35D8BBF4F5 /* Operators.swift */,
				F825ABC70E24EFAF9D9357AE3EF270C5 /* ToJSON.swift */,
				1B464D60284C4B2CA3692CEE336D072A /* TransformOf.swift */,
				A99342F019C81C5AE15B9FD7009B4E52 /* TransformOperators.swift */,
				CA25BC5EA0ED4E982FF381F264738E55 /* TransformType.swift */,
				1FE2520AB1362BD0248CA322C2139490 /* URLTransform.swift */,
				44B8248DC68B6AABFCF1F66C140130D0 /* Support Files */,
			);
			name = ObjectMapper;
			path = ObjectMapper;
			sourceTree = "<group>";
		};
/* End PBXGroup section */

/* Begin PBXHeadersBuildPhase section */
		0294E51F06E952AFC5FFB8707298048A /* Headers */ = {
			isa = PBXHeadersBuildPhase;
			buildActionMask = 2147483647;
			files = (
				CCD0C02467872E771B100ECE7D4778E7 /* Pods-TP7Tests-umbrella.h in Headers */,
			);
			runOnlyForDeploymentPostprocessing = 0;
		};
		987E9A8481E517D4539080110E5D7C46 /* Headers */ = {
			isa = PBXHeadersBuildPhase;
			buildActionMask = 2147483647;
			files = (
				E10EC899AFAB932C484A9C7223950F48 /* Pods-TP7UITests-umbrella.h in Headers */,
			);
			runOnlyForDeploymentPostprocessing = 0;
		};
		CFB3755736949DE46A5F82F1A05463C7 /* Headers */ = {
			isa = PBXHeadersBuildPhase;
			buildActionMask = 2147483647;
			files = (
				4561BBB67591DD44DD8AE910EA0E9D84 /* Pods-TP7-umbrella.h in Headers */,
			);
			runOnlyForDeploymentPostprocessing = 0;
		};
		F57C9456EA5FB7C7D8FC40BACD0F5369 /* Headers */ = {
			isa = PBXHeadersBuildPhase;
			buildActionMask = 2147483647;
			files = (
				A128DBCF691E0F4D2AC3EEA36F7BD562 /* ObjectMapper-umbrella.h in Headers */,
			);
			runOnlyForDeploymentPostprocessing = 0;
		};
/* End PBXHeadersBuildPhase section */

/* Begin PBXNativeTarget section */
		32B6028151021797EEB1D543E703BDFB /* Pods-TP7Tests */ = {
			isa = PBXNativeTarget;
			buildConfigurationList = E83DB0794A8E03DA870CC7E948FD7BDF /* Build configuration list for PBXNativeTarget "Pods-TP7Tests" */;
			buildPhases = (
				E47377215CF284219B55CF672572FC09 /* Sources */,
				3AB4DC451D989CE2DAACDA73DABABFC2 /* Frameworks */,
				0294E51F06E952AFC5FFB8707298048A /* Headers */,
			);
			buildRules = (
			);
			dependencies = (
			);
			name = "Pods-TP7Tests";
			productName = "Pods-TP7Tests";
			productReference = 70E61827239DE91F54C760144D478923 /* Pods_TP7Tests.framework */;
			productType = "com.apple.product-type.framework";
		};
		40EC1233FC6EEFF22ADC5EC712E8FBC8 /* Pods-TP7UITests */ = {
			isa = PBXNativeTarget;
			buildConfigurationList = A2E50BC77374B7E5E3DFE5FEFB92E2B1 /* Build configuration list for PBXNativeTarget "Pods-TP7UITests" */;
			buildPhases = (
				595E345B6547D207462434332CCA988C /* Sources */,
				FD16F755B7F3B182F7E180CC87187F9B /* Frameworks */,
				987E9A8481E517D4539080110E5D7C46 /* Headers */,
			);
			buildRules = (
			);
			dependencies = (
			);
			name = "Pods-TP7UITests";
			productName = "Pods-TP7UITests";
			productReference = C38EF677FCBD599C3168FF1E7EC074B7 /* Pods_TP7UITests.framework */;
			productType = "com.apple.product-type.framework";
		};
		5F6278F37E30F4EFC78C24794DBFB5E3 /* Pods-TP7 */ = {
			isa = PBXNativeTarget;
			buildConfigurationList = 9521A422D405A972B9006070FFC376C6 /* Build configuration list for PBXNativeTarget "Pods-TP7" */;
			buildPhases = (
				02C1FEEB4ED9B4A4FE8EB39D3935FBB8 /* Sources */,
				569957DBC5D835B4C30EC917D85A7EB4 /* Frameworks */,
				CFB3755736949DE46A5F82F1A05463C7 /* Headers */,
			);
			buildRules = (
			);
			dependencies = (
				9CC8C0C2B1737004B48345AD5C988977 /* PBXTargetDependency */,
			);
			name = "Pods-TP7";
			productName = "Pods-TP7";
			productReference = 988781345AF3301BACDC01A026591A0B /* Pods_TP7.framework */;
			productType = "com.apple.product-type.framework";
		};
		CD6C9FB6B052E1CF663F8A56041EA163 /* ObjectMapper */ = {
			isa = PBXNativeTarget;
			buildConfigurationList = 23CFD86DE455F2B998EC09D589DA285D /* Build configuration list for PBXNativeTarget "ObjectMapper" */;
			buildPhases = (
				105949C4D593C142A371ED3B9C1D19FC /* Sources */,
				C4F4068871A73EB6FBE8042AF2063595 /* Frameworks */,
				F57C9456EA5FB7C7D8FC40BACD0F5369 /* Headers */,
			);
			buildRules = (
			);
			dependencies = (
			);
			name = ObjectMapper;
			productName = ObjectMapper;
			productReference = 082B6C4BFB1426F7D5B14CA882CF7F12 /* ObjectMapper.framework */;
			productType = "com.apple.product-type.framework";
		};
/* End PBXNativeTarget section */

/* Begin PBXProject section */
		D41D8CD98F00B204E9800998ECF8427E /* Project object */ = {
			isa = PBXProject;
			attributes = {
				LastSwiftUpdateCheck = 0730;
				LastUpgradeCheck = 0700;
			};
			buildConfigurationList = 2D8E8EC45A3A1A1D94AE762CB5028504 /* Build configuration list for PBXProject "Pods" */;
			compatibilityVersion = "Xcode 3.2";
			developmentRegion = English;
			hasScannedForEncodings = 0;
			knownRegions = (
				en,
			);
			mainGroup = 7DB346D0F39D3F0E887471402A8071AB;
			productRefGroup = D5A18DA12751B77CD370453E7C2E09DD /* Products */;
			projectDirPath = "";
			projectRoot = "";
			targets = (
				CD6C9FB6B052E1CF663F8A56041EA163 /* ObjectMapper */,
				5F6278F37E30F4EFC78C24794DBFB5E3 /* Pods-TP7 */,
				32B6028151021797EEB1D543E703BDFB /* Pods-TP7Tests */,
				40EC1233FC6EEFF22ADC5EC712E8FBC8 /* Pods-TP7UITests */,
			);
		};
/* End PBXProject section */

/* Begin PBXSourcesBuildPhase section */
		02C1FEEB4ED9B4A4FE8EB39D3935FBB8 /* Sources */ = {
			isa = PBXSourcesBuildPhase;
			buildActionMask = 2147483647;
			files = (
				71023AD78796BF7E07F827FE4BC24E46 /* Pods-TP7-dummy.m in Sources */,
			);
			runOnlyForDeploymentPostprocessing = 0;
		};
		105949C4D593C142A371ED3B9C1D19FC /* Sources */ = {
			isa = PBXSourcesBuildPhase;
			buildActionMask = 2147483647;
			files = (
				F0BE6FD4C256E93CBCB31150A1A489EB /* CustomDateFormatTransform.swift in Sources */,
				DB16BA7FF7677EB77FF201C169EBA7F5 /* DataTransform.swift in Sources */,
				04A9EAF23667AB20F1856B4C127E2CCB /* DateFormatterTransform.swift in Sources */,
				A1B1494B96861D28886774A62ADF12B4 /* DateTransform.swift in Sources */,
				80DD3BF9141268B7FD837C9EAFD1207B /* DictionaryTransform.swift in Sources */,
				64C08047F018142FFAA2D6A8EAD6CEF0 /* EnumOperators.swift in Sources */,
				A4C95C686C63C3BE2768F6ED69C9BB9B /* EnumTransform.swift in Sources */,
				554024125BDDD8CFE0FA9F47CF450D38 /* FromJSON.swift in Sources */,
				35BA53BE44A5FAEE1FB680E12A243846 /* HexColorTransform.swift in Sources */,
				DD24CA00C4CA98203B6B61771D605BF7 /* ImmutableMappable.swift in Sources */,
				AD31AD8DB949DCA3E7FD8305331A74FA /* IntegerOperators.swift in Sources */,
				23E9973F4DC00EEF5FFFC53B5C4F9CCE /* ISO8601DateTransform.swift in Sources */,
				F9EB49D9D6AC0EA662DEE43EAF966B5A /* Map.swift in Sources */,
				6D4763209A3F094E8162FD1A86751B8D /* MapError.swift in Sources */,
				714BD67B41EEBEAC20CB958A882DE0AD /* Mappable.swift in Sources */,
				03EE30A3FFD7BF856C008B3DC8139F07 /* Mapper.swift in Sources */,
				4A686B24A6E57B30E0813CC86B2BCEC4 /* NSDecimalNumberTransform.swift in Sources */,
				DA8070AA9696822F0242CC298668AFF7 /* ObjectMapper-dummy.m in Sources */,
				DF10B74DAD2CFA3392369651FA4E1388 /* Operators.swift in Sources */,
				FB4370B9B77CA2893660A52660C6FF56 /* ToJSON.swift in Sources */,
				82CC59765FCF6BB742B83109450663A7 /* TransformOf.swift in Sources */,
				9EA52AEB7278984474CC743711FCB699 /* TransformOperators.swift in Sources */,
				E0CBFD38A5408B925188989A41F3CB94 /* TransformType.swift in Sources */,
				FF1E5EF4FFD54A47703415D417399CD7 /* URLTransform.swift in Sources */,
			);
			runOnlyForDeploymentPostprocessing = 0;
		};
		595E345B6547D207462434332CCA988C /* Sources */ = {
			isa = PBXSourcesBuildPhase;
			buildActionMask = 2147483647;
			files = (
				744B76C7D66D21D45E99CC75777E4688 /* Pods-TP7UITests-dummy.m in Sources */,
			);
			runOnlyForDeploymentPostprocessing = 0;
		};
		E47377215CF284219B55CF672572FC09 /* Sources */ = {
			isa = PBXSourcesBuildPhase;
			buildActionMask = 2147483647;
			files = (
				07142FE4D96480A8D593D12FDD493EB3 /* Pods-TP7Tests-dummy.m in Sources */,
			);
			runOnlyForDeploymentPostprocessing = 0;
		};
/* End PBXSourcesBuildPhase section */

/* Begin PBXTargetDependency section */
		9CC8C0C2B1737004B48345AD5C988977 /* PBXTargetDependency */ = {
			isa = PBXTargetDependency;
			name = ObjectMapper;
			target = CD6C9FB6B052E1CF663F8A56041EA163 /* ObjectMapper */;
			targetProxy = 7FB4F71266B267F96B94D2EC80A93BDE /* PBXContainerItemProxy */;
		};
/* End PBXTargetDependency section */

/* Begin XCBuildConfiguration section */
		5FA841C938A49F04AE6EBD90F047F49E /* Debug */ = {
			isa = XCBuildConfiguration;
			baseConfigurationReference = CA954E269627541CF3B4CD57A1D7E2D1 /* Pods-TP7Tests.debug.xcconfig */;
			buildSettings = {
				"CODE_SIGN_IDENTITY[sdk=appletvos*]" = "";
				"CODE_SIGN_IDENTITY[sdk=iphoneos*]" = "";
				"CODE_SIGN_IDENTITY[sdk=watchos*]" = "";
				CURRENT_PROJECT_VERSION = 1;
				DEBUG_INFORMATION_FORMAT = dwarf;
				DEFINES_MODULE = YES;
				DYLIB_COMPATIBILITY_VERSION = 1;
				DYLIB_CURRENT_VERSION = 1;
				DYLIB_INSTALL_NAME_BASE = "@rpath";
				ENABLE_STRICT_OBJC_MSGSEND = YES;
				GCC_NO_COMMON_BLOCKS = YES;
				INFOPLIST_FILE = "Target Support Files/Pods-TP7Tests/Info.plist";
				INSTALL_PATH = "$(LOCAL_LIBRARY_DIR)/Frameworks";
				IPHONEOS_DEPLOYMENT_TARGET = 10.2;
				LD_RUNPATH_SEARCH_PATHS = "$(inherited) @executable_path/Frameworks @loader_path/Frameworks";
				MACH_O_TYPE = staticlib;
				MODULEMAP_FILE = "Target Support Files/Pods-TP7Tests/Pods-TP7Tests.modulemap";
				MTL_ENABLE_DEBUG_INFO = YES;
				OTHER_LDFLAGS = "";
				OTHER_LIBTOOLFLAGS = "";
				PODS_ROOT = "$(SRCROOT)";
				PRODUCT_BUNDLE_IDENTIFIER = "org.cocoapods.${PRODUCT_NAME:rfc1034identifier}";
				PRODUCT_NAME = Pods_TP7Tests;
				SDKROOT = iphoneos;
				SKIP_INSTALL = YES;
				TARGETED_DEVICE_FAMILY = "1,2";
				VERSIONING_SYSTEM = "apple-generic";
				VERSION_INFO_PREFIX = "";
			};
			name = Debug;
		};
		673254EEAF0B5BF4596080C749645884 /* Release */ = {
			isa = XCBuildConfiguration;
			buildSettings = {
				ALWAYS_SEARCH_USER_PATHS = NO;
				CLANG_ANALYZER_NONNULL = YES;
				CLANG_CXX_LANGUAGE_STANDARD = "gnu++0x";
				CLANG_CXX_LIBRARY = "libc++";
				CLANG_ENABLE_MODULES = YES;
				CLANG_ENABLE_OBJC_ARC = YES;
				CLANG_WARN_BOOL_CONVERSION = YES;
				CLANG_WARN_CONSTANT_CONVERSION = YES;
				CLANG_WARN_DIRECT_OBJC_ISA_USAGE = YES;
				CLANG_WARN_EMPTY_BODY = YES;
				CLANG_WARN_ENUM_CONVERSION = YES;
				CLANG_WARN_INT_CONVERSION = YES;
				CLANG_WARN_OBJC_ROOT_CLASS = YES;
				CLANG_WARN_UNREACHABLE_CODE = YES;
				CLANG_WARN__DUPLICATE_METHOD_MATCH = YES;
				CODE_SIGNING_REQUIRED = NO;
				COPY_PHASE_STRIP = YES;
				ENABLE_NS_ASSERTIONS = NO;
				GCC_C_LANGUAGE_STANDARD = gnu99;
				GCC_PREPROCESSOR_DEFINITIONS = (
					"POD_CONFIGURATION_RELEASE=1",
					"$(inherited)",
				);
				GCC_WARN_64_TO_32_BIT_CONVERSION = YES;
				GCC_WARN_ABOUT_RETURN_TYPE = YES;
				GCC_WARN_UNDECLARED_SELECTOR = YES;
				GCC_WARN_UNINITIALIZED_AUTOS = YES;
				GCC_WARN_UNUSED_FUNCTION = YES;
				GCC_WARN_UNUSED_VARIABLE = YES;
				IPHONEOS_DEPLOYMENT_TARGET = 10.2;
				PROVISIONING_PROFILE_SPECIFIER = NO_SIGNING/;
				STRIP_INSTALLED_PRODUCT = NO;
				SYMROOT = "${SRCROOT}/../build";
				VALIDATE_PRODUCT = YES;
			};
			name = Release;
		};
		693A7B954812BCBFF0820BC385A20BAD /* Release */ = {
			isa = XCBuildConfiguration;
			baseConfigurationReference = B2DAA986D8389D845888F086D08D2DE0 /* Pods-TP7UITests.release.xcconfig */;
			buildSettings = {
				"CODE_SIGN_IDENTITY[sdk=appletvos*]" = "";
				"CODE_SIGN_IDENTITY[sdk=iphoneos*]" = "";
				"CODE_SIGN_IDENTITY[sdk=watchos*]" = "";
				CURRENT_PROJECT_VERSION = 1;
				DEBUG_INFORMATION_FORMAT = "dwarf-with-dsym";
				DEFINES_MODULE = YES;
				DYLIB_COMPATIBILITY_VERSION = 1;
				DYLIB_CURRENT_VERSION = 1;
				DYLIB_INSTALL_NAME_BASE = "@rpath";
				ENABLE_STRICT_OBJC_MSGSEND = YES;
				GCC_NO_COMMON_BLOCKS = YES;
				INFOPLIST_FILE = "Target Support Files/Pods-TP7UITests/Info.plist";
				INSTALL_PATH = "$(LOCAL_LIBRARY_DIR)/Frameworks";
				IPHONEOS_DEPLOYMENT_TARGET = 10.2;
				LD_RUNPATH_SEARCH_PATHS = "$(inherited) @executable_path/Frameworks @loader_path/Frameworks";
				MACH_O_TYPE = staticlib;
				MODULEMAP_FILE = "Target Support Files/Pods-TP7UITests/Pods-TP7UITests.modulemap";
				MTL_ENABLE_DEBUG_INFO = NO;
				OTHER_LDFLAGS = "";
				OTHER_LIBTOOLFLAGS = "";
				PODS_ROOT = "$(SRCROOT)";
				PRODUCT_BUNDLE_IDENTIFIER = "org.cocoapods.${PRODUCT_NAME:rfc1034identifier}";
				PRODUCT_NAME = Pods_TP7UITests;
				SDKROOT = iphoneos;
				SKIP_INSTALL = YES;
				TARGETED_DEVICE_FAMILY = "1,2";
				VERSIONING_SYSTEM = "apple-generic";
				VERSION_INFO_PREFIX = "";
			};
			name = Release;
		};
		6F245587D800662D6BFB8BCB064ED604 /* Release */ = {
			isa = XCBuildConfiguration;
			baseConfigurationReference = DE30BB9375446FC3C323D7CADF717A1F /* Pods-TP7.release.xcconfig */;
			buildSettings = {
				"CODE_SIGN_IDENTITY[sdk=appletvos*]" = "";
				"CODE_SIGN_IDENTITY[sdk=iphoneos*]" = "";
				"CODE_SIGN_IDENTITY[sdk=watchos*]" = "";
				CURRENT_PROJECT_VERSION = 1;
				DEBUG_INFORMATION_FORMAT = "dwarf-with-dsym";
				DEFINES_MODULE = YES;
				DYLIB_COMPATIBILITY_VERSION = 1;
				DYLIB_CURRENT_VERSION = 1;
				DYLIB_INSTALL_NAME_BASE = "@rpath";
				ENABLE_STRICT_OBJC_MSGSEND = YES;
				GCC_NO_COMMON_BLOCKS = YES;
				INFOPLIST_FILE = "Target Support Files/Pods-TP7/Info.plist";
				INSTALL_PATH = "$(LOCAL_LIBRARY_DIR)/Frameworks";
				IPHONEOS_DEPLOYMENT_TARGET = 10.2;
				LD_RUNPATH_SEARCH_PATHS = "$(inherited) @executable_path/Frameworks @loader_path/Frameworks";
				MACH_O_TYPE = staticlib;
				MODULEMAP_FILE = "Target Support Files/Pods-TP7/Pods-TP7.modulemap";
				MTL_ENABLE_DEBUG_INFO = NO;
				OTHER_LDFLAGS = "";
				OTHER_LIBTOOLFLAGS = "";
				PODS_ROOT = "$(SRCROOT)";
				PRODUCT_BUNDLE_IDENTIFIER = "org.cocoapods.${PRODUCT_NAME:rfc1034identifier}";
				PRODUCT_NAME = Pods_TP7;
				SDKROOT = iphoneos;
				SKIP_INSTALL = YES;
				TARGETED_DEVICE_FAMILY = "1,2";
				VERSIONING_SYSTEM = "apple-generic";
				VERSION_INFO_PREFIX = "";
			};
			name = Release;
		};
		785383AF669DC75C71C158B7D6B1EAC2 /* Release */ = {
			isa = XCBuildConfiguration;
			baseConfigurationReference = BF1266B3B4CD82D5A49B6946BF2E5AE8 /* ObjectMapper.xcconfig */;
			buildSettings = {
				"CODE_SIGN_IDENTITY[sdk=appletvos*]" = "";
				"CODE_SIGN_IDENTITY[sdk=iphoneos*]" = "";
				"CODE_SIGN_IDENTITY[sdk=watchos*]" = "";
				CURRENT_PROJECT_VERSION = 1;
				DEBUG_INFORMATION_FORMAT = "dwarf-with-dsym";
				DEFINES_MODULE = YES;
				DYLIB_COMPATIBILITY_VERSION = 1;
				DYLIB_CURRENT_VERSION = 1;
				DYLIB_INSTALL_NAME_BASE = "@rpath";
				ENABLE_STRICT_OBJC_MSGSEND = YES;
				GCC_NO_COMMON_BLOCKS = YES;
				GCC_PREFIX_HEADER = "Target Support Files/ObjectMapper/ObjectMapper-prefix.pch";
				INFOPLIST_FILE = "Target Support Files/ObjectMapper/Info.plist";
				INSTALL_PATH = "$(LOCAL_LIBRARY_DIR)/Frameworks";
				IPHONEOS_DEPLOYMENT_TARGET = 8.0;
				LD_RUNPATH_SEARCH_PATHS = "$(inherited) @executable_path/Frameworks @loader_path/Frameworks";
				MODULEMAP_FILE = "Target Support Files/ObjectMapper/ObjectMapper.modulemap";
				MTL_ENABLE_DEBUG_INFO = NO;
				PRODUCT_NAME = ObjectMapper;
				SDKROOT = iphoneos;
				SKIP_INSTALL = YES;
				SWIFT_VERSION = 3.0;
				TARGETED_DEVICE_FAMILY = "1,2";
				VERSIONING_SYSTEM = "apple-generic";
				VERSION_INFO_PREFIX = "";
			};
			name = Release;
		};
		82E54EE0AA8A118D3A0B4A2421B98188 /* Debug */ = {
			isa = XCBuildConfiguration;
			baseConfigurationReference = 4CD85CE08397CB0C330BB21279F7F493 /* Pods-TP7UITests.debug.xcconfig */;
			buildSettings = {
				"CODE_SIGN_IDENTITY[sdk=appletvos*]" = "";
				"CODE_SIGN_IDENTITY[sdk=iphoneos*]" = "";
				"CODE_SIGN_IDENTITY[sdk=watchos*]" = "";
				CURRENT_PROJECT_VERSION = 1;
				DEBUG_INFORMATION_FORMAT = dwarf;
				DEFINES_MODULE = YES;
				DYLIB_COMPATIBILITY_VERSION = 1;
				DYLIB_CURRENT_VERSION = 1;
				DYLIB_INSTALL_NAME_BASE = "@rpath";
				ENABLE_STRICT_OBJC_MSGSEND = YES;
				GCC_NO_COMMON_BLOCKS = YES;
				INFOPLIST_FILE = "Target Support Files/Pods-TP7UITests/Info.plist";
				INSTALL_PATH = "$(LOCAL_LIBRARY_DIR)/Frameworks";
				IPHONEOS_DEPLOYMENT_TARGET = 10.2;
				LD_RUNPATH_SEARCH_PATHS = "$(inherited) @executable_path/Frameworks @loader_path/Frameworks";
				MACH_O_TYPE = staticlib;
				MODULEMAP_FILE = "Target Support Files/Pods-TP7UITests/Pods-TP7UITests.modulemap";
				MTL_ENABLE_DEBUG_INFO = YES;
				OTHER_LDFLAGS = "";
				OTHER_LIBTOOLFLAGS = "";
				PODS_ROOT = "$(SRCROOT)";
				PRODUCT_BUNDLE_IDENTIFIER = "org.cocoapods.${PRODUCT_NAME:rfc1034identifier}";
				PRODUCT_NAME = Pods_TP7UITests;
				SDKROOT = iphoneos;
				SKIP_INSTALL = YES;
				TARGETED_DEVICE_FAMILY = "1,2";
				VERSIONING_SYSTEM = "apple-generic";
				VERSION_INFO_PREFIX = "";
			};
			name = Debug;
		};
		976A02B39DD5212632CD2B530124018F /* Debug */ = {
			isa = XCBuildConfiguration;
			baseConfigurationReference = BF1266B3B4CD82D5A49B6946BF2E5AE8 /* ObjectMapper.xcconfig */;
			buildSettings = {
				"CODE_SIGN_IDENTITY[sdk=appletvos*]" = "";
				"CODE_SIGN_IDENTITY[sdk=iphoneos*]" = "";
				"CODE_SIGN_IDENTITY[sdk=watchos*]" = "";
				CURRENT_PROJECT_VERSION = 1;
				DEBUG_INFORMATION_FORMAT = dwarf;
				DEFINES_MODULE = YES;
				DYLIB_COMPATIBILITY_VERSION = 1;
				DYLIB_CURRENT_VERSION = 1;
				DYLIB_INSTALL_NAME_BASE = "@rpath";
				ENABLE_STRICT_OBJC_MSGSEND = YES;
				GCC_NO_COMMON_BLOCKS = YES;
				GCC_PREFIX_HEADER = "Target Support Files/ObjectMapper/ObjectMapper-prefix.pch";
				INFOPLIST_FILE = "Target Support Files/ObjectMapper/Info.plist";
				INSTALL_PATH = "$(LOCAL_LIBRARY_DIR)/Frameworks";
				IPHONEOS_DEPLOYMENT_TARGET = 8.0;
				LD_RUNPATH_SEARCH_PATHS = "$(inherited) @executable_path/Frameworks @loader_path/Frameworks";
				MODULEMAP_FILE = "Target Support Files/ObjectMapper/ObjectMapper.modulemap";
				MTL_ENABLE_DEBUG_INFO = YES;
				PRODUCT_NAME = ObjectMapper;
				SDKROOT = iphoneos;
				SKIP_INSTALL = YES;
				SWIFT_OPTIMIZATION_LEVEL = "-Onone";
				SWIFT_VERSION = 3.0;
				TARGETED_DEVICE_FAMILY = "1,2";
				VERSIONING_SYSTEM = "apple-generic";
				VERSION_INFO_PREFIX = "";
			};
			name = Debug;
		};
		B4BF282CBAC6A8DAFEAEEA68DDD95366 /* Release */ = {
			isa = XCBuildConfiguration;
			baseConfigurationReference = A9AC6B3465FDB1D33476D532156A5A35 /* Pods-TP7Tests.release.xcconfig */;
			buildSettings = {
				"CODE_SIGN_IDENTITY[sdk=appletvos*]" = "";
				"CODE_SIGN_IDENTITY[sdk=iphoneos*]" = "";
				"CODE_SIGN_IDENTITY[sdk=watchos*]" = "";
				CURRENT_PROJECT_VERSION = 1;
				DEBUG_INFORMATION_FORMAT = "dwarf-with-dsym";
				DEFINES_MODULE = YES;
				DYLIB_COMPATIBILITY_VERSION = 1;
				DYLIB_CURRENT_VERSION = 1;
				DYLIB_INSTALL_NAME_BASE = "@rpath";
				ENABLE_STRICT_OBJC_MSGSEND = YES;
				GCC_NO_COMMON_BLOCKS = YES;
				INFOPLIST_FILE = "Target Support Files/Pods-TP7Tests/Info.plist";
				INSTALL_PATH = "$(LOCAL_LIBRARY_DIR)/Frameworks";
				IPHONEOS_DEPLOYMENT_TARGET = 10.2;
				LD_RUNPATH_SEARCH_PATHS = "$(inherited) @executable_path/Frameworks @loader_path/Frameworks";
				MACH_O_TYPE = staticlib;
				MODULEMAP_FILE = "Target Support Files/Pods-TP7Tests/Pods-TP7Tests.modulemap";
				MTL_ENABLE_DEBUG_INFO = NO;
				OTHER_LDFLAGS = "";
				OTHER_LIBTOOLFLAGS = "";
				PODS_ROOT = "$(SRCROOT)";
				PRODUCT_BUNDLE_IDENTIFIER = "org.cocoapods.${PRODUCT_NAME:rfc1034identifier}";
				PRODUCT_NAME = Pods_TP7Tests;
				SDKROOT = iphoneos;
				SKIP_INSTALL = YES;
				TARGETED_DEVICE_FAMILY = "1,2";
				VERSIONING_SYSTEM = "apple-generic";
				VERSION_INFO_PREFIX = "";
			};
			name = Release;
		};
		E4F26E6EB105713A6A7E7E2E283AC2DF /* Debug */ = {
			isa = XCBuildConfiguration;
			buildSettings = {
				ALWAYS_SEARCH_USER_PATHS = NO;
				CLANG_ANALYZER_NONNULL = YES;
				CLANG_CXX_LANGUAGE_STANDARD = "gnu++0x";
				CLANG_CXX_LIBRARY = "libc++";
				CLANG_ENABLE_MODULES = YES;
				CLANG_ENABLE_OBJC_ARC = YES;
				CLANG_WARN_BOOL_CONVERSION = YES;
				CLANG_WARN_CONSTANT_CONVERSION = YES;
				CLANG_WARN_DIRECT_OBJC_ISA_USAGE = YES;
				CLANG_WARN_EMPTY_BODY = YES;
				CLANG_WARN_ENUM_CONVERSION = YES;
				CLANG_WARN_INT_CONVERSION = YES;
				CLANG_WARN_OBJC_ROOT_CLASS = YES;
				CLANG_WARN_UNREACHABLE_CODE = YES;
				CLANG_WARN__DUPLICATE_METHOD_MATCH = YES;
				CODE_SIGNING_REQUIRED = NO;
				COPY_PHASE_STRIP = NO;
				ENABLE_TESTABILITY = YES;
				GCC_C_LANGUAGE_STANDARD = gnu99;
				GCC_DYNAMIC_NO_PIC = NO;
				GCC_OPTIMIZATION_LEVEL = 0;
				GCC_PREPROCESSOR_DEFINITIONS = (
					"POD_CONFIGURATION_DEBUG=1",
					"DEBUG=1",
					"$(inherited)",
				);
				GCC_SYMBOLS_PRIVATE_EXTERN = NO;
				GCC_WARN_64_TO_32_BIT_CONVERSION = YES;
				GCC_WARN_ABOUT_RETURN_TYPE = YES;
				GCC_WARN_UNDECLARED_SELECTOR = YES;
				GCC_WARN_UNINITIALIZED_AUTOS = YES;
				GCC_WARN_UNUSED_FUNCTION = YES;
				GCC_WARN_UNUSED_VARIABLE = YES;
				IPHONEOS_DEPLOYMENT_TARGET = 10.2;
				ONLY_ACTIVE_ARCH = YES;
				PROVISIONING_PROFILE_SPECIFIER = NO_SIGNING/;
				STRIP_INSTALLED_PRODUCT = NO;
				SYMROOT = "${SRCROOT}/../build";
			};
			name = Debug;
		};
		F9C0BE81393D5EDB5A6E387DA0AFA677 /* Debug */ = {
			isa = XCBuildConfiguration;
			baseConfigurationReference = DCB90270B889ED5E43D02B0190680EBC /* Pods-TP7.debug.xcconfig */;
			buildSettings = {
				"CODE_SIGN_IDENTITY[sdk=appletvos*]" = "";
				"CODE_SIGN_IDENTITY[sdk=iphoneos*]" = "";
				"CODE_SIGN_IDENTITY[sdk=watchos*]" = "";
				CURRENT_PROJECT_VERSION = 1;
				DEBUG_INFORMATION_FORMAT = dwarf;
				DEFINES_MODULE = YES;
				DYLIB_COMPATIBILITY_VERSION = 1;
				DYLIB_CURRENT_VERSION = 1;
				DYLIB_INSTALL_NAME_BASE = "@rpath";
				ENABLE_STRICT_OBJC_MSGSEND = YES;
				GCC_NO_COMMON_BLOCKS = YES;
				INFOPLIST_FILE = "Target Support Files/Pods-TP7/Info.plist";
				INSTALL_PATH = "$(LOCAL_LIBRARY_DIR)/Frameworks";
				IPHONEOS_DEPLOYMENT_TARGET = 10.2;
				LD_RUNPATH_SEARCH_PATHS = "$(inherited) @executable_path/Frameworks @loader_path/Frameworks";
				MACH_O_TYPE = staticlib;
				MODULEMAP_FILE = "Target Support Files/Pods-TP7/Pods-TP7.modulemap";
				MTL_ENABLE_DEBUG_INFO = YES;
				OTHER_LDFLAGS = "";
				OTHER_LIBTOOLFLAGS = "";
				PODS_ROOT = "$(SRCROOT)";
				PRODUCT_BUNDLE_IDENTIFIER = "org.cocoapods.${PRODUCT_NAME:rfc1034identifier}";
				PRODUCT_NAME = Pods_TP7;
				SDKROOT = iphoneos;
				SKIP_INSTALL = YES;
				SWIFT_OPTIMIZATION_LEVEL = "-Onone";
				TARGETED_DEVICE_FAMILY = "1,2";
				VERSIONING_SYSTEM = "apple-generic";
				VERSION_INFO_PREFIX = "";
			};
			name = Debug;
		};
/* End XCBuildConfiguration section */

/* Begin XCConfigurationList section */
		23CFD86DE455F2B998EC09D589DA285D /* Build configuration list for PBXNativeTarget "ObjectMapper" */ = {
			isa = XCConfigurationList;
			buildConfigurations = (
				976A02B39DD5212632CD2B530124018F /* Debug */,
				785383AF669DC75C71C158B7D6B1EAC2 /* Release */,
			);
			defaultConfigurationIsVisible = 0;
			defaultConfigurationName = Release;
		};
		2D8E8EC45A3A1A1D94AE762CB5028504 /* Build configuration list for PBXProject "Pods" */ = {
			isa = XCConfigurationList;
			buildConfigurations = (
				E4F26E6EB105713A6A7E7E2E283AC2DF /* Debug */,
				673254EEAF0B5BF4596080C749645884 /* Release */,
			);
			defaultConfigurationIsVisible = 0;
			defaultConfigurationName = Release;
		};
		9521A422D405A972B9006070FFC376C6 /* Build configuration list for PBXNativeTarget "Pods-TP7" */ = {
			isa = XCConfigurationList;
			buildConfigurations = (
				F9C0BE81393D5EDB5A6E387DA0AFA677 /* Debug */,
				6F245587D800662D6BFB8BCB064ED604 /* Release */,
			);
			defaultConfigurationIsVisible = 0;
			defaultConfigurationName = Release;
		};
		A2E50BC77374B7E5E3DFE5FEFB92E2B1 /* Build configuration list for PBXNativeTarget "Pods-TP7UITests" */ = {
			isa = XCConfigurationList;
			buildConfigurations = (
				82E54EE0AA8A118D3A0B4A2421B98188 /* Debug */,
				693A7B954812BCBFF0820BC385A20BAD /* Release */,
			);
			defaultConfigurationIsVisible = 0;
			defaultConfigurationName = Release;
		};
		E83DB0794A8E03DA870CC7E948FD7BDF /* Build configuration list for PBXNativeTarget "Pods-TP7Tests" */ = {
			isa = XCConfigurationList;
			buildConfigurations = (
				5FA841C938A49F04AE6EBD90F047F49E /* Debug */,
				B4BF282CBAC6A8DAFEAEEA68DDD95366 /* Release */,
			);
			defaultConfigurationIsVisible = 0;
			defaultConfigurationName = Release;
		};
/* End XCConfigurationList section */
	};
	rootObject = D41D8CD98F00B204E9800998ECF8427E /* Project object */;
}
